dependencies:
- name: duihua-gateway
  repository: oci://ghcr.io/beranekio/charts
  version: 0.0.0-111d97424c26ea8805394dff7d957d22c7234ed5
- name: duihua-background-worker
  repository: oci://ghcr.io/beranekio/charts
  version: 0.0.0-f884444170331e160e74bdc62134faa63268abf3
- name: responses-api-store
  repository: oci://ghcr.io/beranekio/charts
  version: 0.0.0-c18a05fecfd3d85ddc0d418d90081cc4f7610061
digest: sha256:727550494ae06e42c3d377fa182c71bc5350ed591cdf952e0e6a9f466fa429e4
generated: "2026-09-21T06:29:21.740356112Z"
