dependencies:
- name: duihua-gateway
  repository: oci://ghcr.io/beranekio/charts
  version: 0.0.0-ef904c769a1d79968875471fc777434c80bb57f7
- name: duihua-background-worker
  repository: oci://ghcr.io/beranekio/charts
  version: 0.0.0-f884444170331e160e74bdc62134faa63268abf3
- name: responses-api-store
  repository: oci://ghcr.io/beranekio/charts
  version: 0.0.0-5f8799d83d644bfee9f50e2f8e70ea9efdb9a9eb
digest: sha256:dfeb4b95a07b81ae89be6e813a40a644bd726381308a1dbf1408579e7d2efbdf
generated: "2026-09-28T08:04:49.677073728+02:00"
